
Microsoft Visual Studio Solution File, Format Version 12.00
Project("{FAE04EC0-301F-11D3-BF4B-00C04F79EFBC}") = "JsonGenerators", "JsonGenerators\JsonGenerators.csproj", "{A696DA7C-BE82-46AA-A968-C20A685C9C93}"
EndProject
Project("{FAE04EC0-301F-11D3-BF4B-00C04F79EFBC}") = "JsonGenerators.Test", "JsonGenerators.Test\JsonGenerators.Test.csproj", "{F9FAC880-3F8D-4377-9F63-70581E7EC502}"
EndProject
Project("{FAE04EC0-301F-11D3-BF4B-00C04F79EFBC}") = "JsonGenerators.Benchmarks", "JsonGenerators.Benchmarks\JsonGenerators.Benchmarks.csproj", "{E81D9768-CADC-4A96-B8DC-B58D523004E3}"
EndProject
Global
	GlobalSection(SolutionConfigurationPlatforms) = preSolution
		Debug|Any CPU = Debug|Any CPU
		Release|Any CPU = Release|Any CPU
	EndGlobalSection
	GlobalSection(ProjectConfigurationPlatforms) = postSolution
		{A696DA7C-BE82-46AA-A968-C20A685C9C93}.Debug|Any CPU.ActiveCfg = Debug|Any CPU
		{A696DA7C-BE82-46AA-A968-C20A685C9C93}.Debug|Any CPU.Build.0 = Debug|Any CPU
		{A696DA7C-BE82-46AA-A968-C20A685C9C93}.Release|Any CPU.ActiveCfg = Release|Any CPU
		{A696DA7C-BE82-46AA-A968-C20A685C9C93}.Release|Any CPU.Build.0 = Release|Any CPU
		{F9FAC880-3F8D-4377-9F63-70581E7EC502}.Debug|Any CPU.ActiveCfg = Debug|Any CPU
		{F9FAC880-3F8D-4377-9F63-70581E7EC502}.Debug|Any CPU.Build.0 = Debug|Any CPU
		{F9FAC880-3F8D-4377-9F63-70581E7EC502}.Release|Any CPU.ActiveCfg = Release|Any CPU
		{F9FAC880-3F8D-4377-9F63-70581E7EC502}.Release|Any CPU.Build.0 = Release|Any CPU
		{E81D9768-CADC-4A96-B8DC-B58D523004E3}.Debug|Any CPU.ActiveCfg = Debug|Any CPU
		{E81D9768-CADC-4A96-B8DC-B58D523004E3}.Debug|Any CPU.Build.0 = Debug|Any CPU
		{E81D9768-CADC-4A96-B8DC-B58D523004E3}.Release|Any CPU.ActiveCfg = Release|Any CPU
		{E81D9768-CADC-4A96-B8DC-B58D523004E3}.Release|Any CPU.Build.0 = Release|Any CPU
	EndGlobalSection
EndGlobal
